
Microsoft Visual Studio Solution File, Format Version 12.00
Project("{FAE04EC0-301F-11D3-BF4B-00C04F79EFBC}") = "WordCountEntryPoint", "WordCountEntryPoint\WordCountEntryPoint.csproj", "{8E8F225F-6369-4799-9B64-625EE623FE8D}"
EndProject
Project("{FAE04EC0-301F-11D3-BF4B-00C04F79EFBC}") = "WordCountLogic", "WordCountLogic\WordCountLogic.csproj", "{F9E3C496-56FE-45AA-8227-25F67D094123}"
EndProject
Project("{FAE04EC0-301F-11D3-BF4B-00C04F79EFBC}") = "WordCountLogic.UnitTests", "WordCountLogic.UnitTests\WordCountLogic.UnitTests.csproj", "{30DA9197-FC68-40A5-91F2-488ACE20E006}"
EndProject
Global
	GlobalSection(SolutionConfigurationPlatforms) = preSolution
		Debug|Any CPU = Debug|Any CPU
		Release|Any CPU = Release|Any CPU
	EndGlobalSection
	GlobalSection(ProjectConfigurationPlatforms) = postSolution
		{8E8F225F-6369-4799-9B64-625EE623FE8D}.Debug|Any CPU.ActiveCfg = Debug|Any CPU
		{8E8F225F-6369-4799-9B64-625EE623FE8D}.Debug|Any CPU.Build.0 = Debug|Any CPU
		{8E8F225F-6369-4799-9B64-625EE623FE8D}.Release|Any CPU.ActiveCfg = Release|Any CPU
		{8E8F225F-6369-4799-9B64-625EE623FE8D}.Release|Any CPU.Build.0 = Release|Any CPU
		{F9E3C496-56FE-45AA-8227-25F67D094123}.Debug|Any CPU.ActiveCfg = Debug|Any CPU
		{F9E3C496-56FE-45AA-8227-25F67D094123}.Debug|Any CPU.Build.0 = Debug|Any CPU
		{F9E3C496-56FE-45AA-8227-25F67D094123}.Release|Any CPU.ActiveCfg = Release|Any CPU
		{F9E3C496-56FE-45AA-8227-25F67D094123}.Release|Any CPU.Build.0 = Release|Any CPU
		{30DA9197-FC68-40A5-91F2-488ACE20E006}.Debug|Any CPU.ActiveCfg = Debug|Any CPU
		{30DA9197-FC68-40A5-91F2-488ACE20E006}.Debug|Any CPU.Build.0 = Debug|Any CPU
		{30DA9197-FC68-40A5-91F2-488ACE20E006}.Release|Any CPU.ActiveCfg = Release|Any CPU
		{30DA9197-FC68-40A5-91F2-488ACE20E006}.Release|Any CPU.Build.0 = Release|Any CPU
	EndGlobalSection
EndGlobal
